// !$*UTF8*$!
{
	archiveVersion = 1;
	classes = {
	};
	objectVersion = 56;
	objects = {

/* Begin PBXBuildFile section */
		57359BEA2A8BB371004A8033 /* Visual_03App.swift in Sources */ = {isa = PBXBuildFile; fileRef = 57359BE92A8BB371004A8033 /* Visual_03App.swift */; };
		57359BEC2A8BB371004A8033 /* ContentView.swift in Sources */ = {isa = PBXBuildFile; fileRef = 57359BEB2A8BB371004A8033 /* ContentView.swift */; };
		57359BEE2A8BB372004A8033 /* Assets.xcassets in Resources */ = {isa = PBXBuildFile; fileRef = 57359BED2A8BB372004A8033 /* Assets.xcassets */; };
		57359BF12A8BB372004A8033 /* Preview Assets.xcassets in Resources */ = {isa = PBXBuildFile; fileRef = 57359BF02A8BB372004A8033 /* Preview Assets.xcassets */; };
		57359BF82A8BB5FF004A8033 /* StickView.swift in Sources */ = {isa = PBXBuildFile; fileRef = 57359BF72A8BB5FF004A8033 /* StickView.swift */; };
		57359C012A8BB755004A8033 /* DesignSystem.swift in Sources */ = {isa = PBXBuildFile; fileRef = 57359C002A8BB755004A8033 /* DesignSystem.swift */; };
		57359C042A8BC05E004A8033 /* normalVector.swift in Sources */ = {isa = PBXBuildFile; fileRef = 57359C032A8BC05E004A8033 /* normalVector.swift */; };
		57359C062A8BCDF4004A8033 /* LogInView.swift in Sources */ = {isa = PBXBuildFile; fileRef = 57359C052A8BCDF4004A8033 /* LogInView.swift */; };
		57359C092A8BD547004A8033 /* CounterView.swift in Sources */ = {isa = PBXBuildFile; fileRef = 57359C082A8BD547004A8033 /* CounterView.swift */; };
		57359C0B2A8BD554004A8033 /* ShowRoomView.swift in Sources */ = {isa = PBXBuildFile; fileRef = 57359C0A2A8BD554004A8033 /* ShowRoomView.swift */; };
		57359C0D2A8BD55E004A8033 /* CleanRoomView.swift in Sources */ = {isa = PBXBuildFile; fileRef = 57359C0C2A8BD55E004A8033 /* CleanRoomView.swift */; };
		57359C0F2A8BD56A004A8033 /* ResetView.swift in Sources */ = {isa = PBXBuildFile; fileRef = 57359C0E2A8BD56A004A8033 /* ResetView.swift */; };
		57359C112A8BD577004A8033 /* MapView.swift in Sources */ = {isa = PBXBuildFile; fileRef = 57359C102A8BD577004A8033 /* MapView.swift */; };
/* End PBXBuildFile section */

/* Begin PBXFileReference section */
		57359BE62A8BB371004A8033 /* Visual_03.app */ = {isa = PBXFileReference; explicitFileType = wrapper.application; includeInIndex = 0; path = Visual_03.app; sourceTree = BUILT_PRODUCTS_DIR; };
		57359BE92A8BB371004A8033 /* Visual_03App.swift */ = {isa = PBXFileReference; lastKnownFileType = sourcecode.swift; path = Visual_03App.swift; sourceTree = "<group>"; };
		57359BEB2A8BB371004A8033 /* ContentView.swift */ = {isa = PBXFileReference; lastKnownFileType = sourcecode.swift; path = ContentView.swift; sourceTree = "<group>"; };
		57359BED2A8BB372004A8033 /* Assets.xcassets */ = {isa = PBXFileReference; lastKnownFileType = folder.assetcatalog; path = Assets.xcassets; sourceTree = "<group>"; };
		57359BF02A8BB372004A8033 /* Preview Assets.xcassets */ = {isa = PBXFileReference; lastKnownFileType = folder.assetcatalog; path = "Preview Assets.xcassets"; sourceTree = "<group>"; };
		57359BF72A8BB5FF004A8033 /* StickView.swift */ = {isa = PBXFileReference; lastKnownFileType = sourcecode.swift; path = StickView.swift; sourceTree = "<group>"; };
		57359C002A8BB755004A8033 /* DesignSystem.swift */ = {isa = PBXFileReference; lastKnownFileType = sourcecode.swift; path = DesignSystem.swift; sourceTree = "<group>"; };
		57359C032A8BC05E004A8033 /* normalVector.swift */ = {isa = PBXFileReference; lastKnownFileType = sourcecode.swift; path = normalVector.swift; sourceTree = "<group>"; };
		57359C052A8BCDF4004A8033 /* LogInView.swift */ = {isa = PBXFileReference; lastKnownFileType = sourcecode.swift; path = LogInView.swift; sourceTree = "<group>"; };
		57359C082A8BD547004A8033 /* CounterView.swift */ = {isa = PBXFileReference; lastKnownFileType = sourcecode.swift; path = CounterView.swift; sourceTree = "<group>"; };
		57359C0A2A8BD554004A8033 /* ShowRoomView.swift */ = {isa = PBXFileReference; lastKnownFileType = sourcecode.swift; path = ShowRoomView.swift; sourceTree = "<group>"; };
		57359C0C2A8BD55E004A8033 /* CleanRoomView.swift */ = {isa = PBXFileReference; lastKnownFileType = sourcecode.swift; path = CleanRoomView.swift; sourceTree = "<group>"; };
		57359C0E2A8BD56A004A8033 /* ResetView.swift */ = {isa = PBXFileReference; lastKnownFileType = sourcecode.swift; path = ResetView.swift; sourceTree = "<group>"; };
		57359C102A8BD577004A8033 /* MapView.swift */ = {isa = PBXFileReference; lastKnownFileType = sourcecode.swift; path = MapView.swift; sourceTree = "<group>"; };
/* End PBXFileReference section */

/* Begin PBXFrameworksBuildPhase section */
		57359BE32A8BB371004A8033 /* Frameworks */ = {
			isa = PBXFrameworksBuildPhase;
			buildActionMask = 2147483647;
			files = (
			);
			runOnlyForDeploymentPostprocessing = 0;
		};
/* End PBXFrameworksBuildPhase section */

/* Begin PBXGroup section */
		57359BDD2A8BB371004A8033 = {
			isa = PBXGroup;
			children = (
				57359BE82A8BB371004A8033 /* Visual_03 */,
				57359BE72A8BB371004A8033 /* Products */,
			);
			sourceTree = "<group>";
		};
		57359BE72A8BB371004A8033 /* Products */ = {
			isa = PBXGroup;
			children = (
				57359BE62A8BB371004A8033 /* Visual_03.app */,
			);
			name = Products;
			sourceTree = "<group>";
		};
		57359BE82A8BB371004A8033 /* Visual_03 */ = {
			isa = PBXGroup;
			children = (
				57359BE92A8BB371004A8033 /* Visual_03App.swift */,
				57359C122A8BD76B004A8033 /* Model */,
				57359BFA2A8BB618004A8033 /* Modeling Enum */,
				57359BF92A8BB614004A8033 /* View */,
				57359C072A8BD441004A8033 /* Component */,
				57359C022A8BC048004A8033 /* Global Function */,
				57359BFF2A8BB739004A8033 /* System */,
				57359BED2A8BB372004A8033 /* Assets.xcassets */,
				57359BEF2A8BB372004A8033 /* Preview Content */,
			);
			path = Visual_03;
			sourceTree = "<group>";
		};
		57359BEF2A8BB372004A8033 /* Preview Content */ = {
			isa = PBXGroup;
			children = (
				57359BF02A8BB372004A8033 /* Preview Assets.xcassets */,
			);
			path = "Preview Content";
			sourceTree = "<group>";
		};
		57359BF92A8BB614004A8033 /* View */ = {
			isa = PBXGroup;
			children = (
				57359BEB2A8BB371004A8033 /* ContentView.swift */,
				57359C082A8BD547004A8033 /* CounterView.swift */,
				57359C0A2A8BD554004A8033 /* ShowRoomView.swift */,
				57359C0C2A8BD55E004A8033 /* CleanRoomView.swift */,
				57359C0E2A8BD56A004A8033 /* ResetView.swift */,
				57359C102A8BD577004A8033 /* MapView.swift */,
			);
			path = View;
			sourceTree = "<group>";
		};
		57359BFA2A8BB618004A8033 /* Modeling Enum */ = {
			isa = PBXGroup;
			children = (
			);
			path = "Modeling Enum";
			sourceTree = "<group>";
		};
		57359BFF2A8BB739004A8033 /* System */ = {
			isa = PBXGroup;
			children = (
				57359C002A8BB755004A8033 /* DesignSystem.swift */,
			);
			path = System;
			sourceTree = "<group>";
		};
		57359C022A8BC048004A8033 /* Global Function */ = {
			isa = PBXGroup;
			children = (
				57359C032A8BC05E004A8033 /* normalVector.swift */,
			);
			path = "Global Function";
			sourceTree = "<group>";
		};
		57359C072A8BD441004A8033 /* Component */ = {
			isa = PBXGroup;
			children = (
				57359C052A8BCDF4004A8033 /* LogInView.swift */,
				57359BF72A8BB5FF004A8033 /* StickView.swift */,
			);
			path = Component;
			sourceTree = "<group>";
		};
		57359C122A8BD76B004A8033 /* Model */ = {
			isa = PBXGroup;
			children = (
			);
			path = Model;
			sourceTree = "<group>";
		};
/* End PBXGroup section */

/* Begin PBXNativeTarget section */
		57359BE52A8BB371004A8033 /* Visual_03 */ = {
			isa = PBXNativeTarget;
			buildConfigurationList = 57359BF42A8BB372004A8033 /* Build configuration list for PBXNativeTarget "Visual_03" */;
			buildPhases = (
				57359BE22A8BB371004A8033 /* Sources */,
				57359BE32A8BB371004A8033 /* Frameworks */,
				57359BE42A8BB371004A8033 /* Resources */,
			);
			buildRules = (
			);
			dependencies = (
			);
			name = Visual_03;
			productName = Visual_03;
			productReference = 57359BE62A8BB371004A8033 /* Visual_03.app */;
			productType = "com.apple.product-type.application";
		};
/* End PBXNativeTarget section */

/* Begin PBXProject section */
		57359BDE2A8BB371004A8033 /* Project object */ = {
			isa = PBXProject;
			attributes = {
				BuildIndependentTargetsInParallel = 1;
				LastSwiftUpdateCheck = 1430;
				LastUpgradeCheck = 1430;
				TargetAttributes = {
					57359BE52A8BB371004A8033 = {
						CreatedOnToolsVersion = 14.3.1;
					};
				};
			};
			buildConfigurationList = 57359BE12A8BB371004A8033 /* Build configuration list for PBXProject "Visual_03" */;
			compatibilityVersion = "Xcode 14.0";
			developmentRegion = en;
			hasScannedForEncodings = 0;
			knownRegions = (
				en,
				Base,
			);
			mainGroup = 57359BDD2A8BB371004A8033;
			productRefGroup = 57359BE72A8BB371004A8033 /* Products */;
			projectDirPath = "";
			projectRoot = "";
			targets = (
				57359BE52A8BB371004A8033 /* Visual_03 */,
			);
		};
/* End PBXProject section */

/* Begin PBXResourcesBuildPhase section */
		57359BE42A8BB371004A8033 /* Resources */ = {
			isa = PBXResourcesBuildPhase;
			buildActionMask = 2147483647;
			files = (
				57359BF12A8BB372004A8033 /* Preview Assets.xcassets in Resources */,
				57359BEE2A8BB372004A8033 /* Assets.xcassets in Resources */,
			);
			runOnlyForDeploymentPostprocessing = 0;
		};
/* End PBXResourcesBuildPhase section */

/* Begin PBXSourcesBuildPhase section */
		57359BE22A8BB371004A8033 /* Sources */ = {
			isa = PBXSourcesBuildPhase;
			buildActionMask = 2147483647;
			files = (
				57359C062A8BCDF4004A8033 /* LogInView.swift in Sources */,
				57359C012A8BB755004A8033 /* DesignSystem.swift in Sources */,
				57359C0F2A8BD56A004A8033 /* ResetView.swift in Sources */,
				57359C112A8BD577004A8033 /* MapView.swift in Sources */,
				57359C0D2A8BD55E004A8033 /* CleanRoomView.swift in Sources */,
				57359BEC2A8BB371004A8033 /* ContentView.swift in Sources */,
				57359C092A8BD547004A8033 /* CounterView.swift in Sources */,
				57359BF82A8BB5FF004A8033 /* StickView.swift in Sources */,
				57359C042A8BC05E004A8033 /* normalVector.swift in Sources */,
				57359C0B2A8BD554004A8033 /* ShowRoomView.swift in Sources */,
				57359BEA2A8BB371004A8033 /* Visual_03App.swift in Sources */,
			);
			runOnlyForDeploymentPostprocessing = 0;
		};
/* End PBXSourcesBuildPhase section */

/* Begin XCBuildConfiguration section */
		57359BF22A8BB372004A8033 /* Debug */ = {
			isa = XCBuildConfiguration;
			buildSettings = {
				ALWAYS_SEARCH_USER_PATHS = NO;
				CLANG_ANALYZER_NONNULL = YES;
				CLANG_ANALYZER_NUMBER_OBJECT_CONVERSION = YES_AGGRESSIVE;
				CLANG_CXX_LANGUAGE_STANDARD = "gnu++20";
				CLANG_ENABLE_MODULES = YES;
				CLANG_ENABLE_OBJC_ARC = YES;
				CLANG_ENABLE_OBJC_WEAK = YES;
				CLANG_WARN_BLOCK_CAPTURE_AUTORELEASING = YES;
				CLANG_WARN_BOOL_CONVERSION = YES;
				CLANG_WARN_COMMA = YES;
				CLANG_WARN_CONSTANT_CONVERSION = YES;
				CLANG_WARN_DEPRECATED_OBJC_IMPLEMENTATIONS = YES;
				CLANG_WARN_DIRECT_OBJC_ISA_USAGE = YES_ERROR;
				CLANG_WARN_DOCUMENTATION_COMMENTS = YES;
				CLANG_WARN_EMPTY_BODY = YES;
				CLANG_WARN_ENUM_CONVERSION = YES;
				CLANG_WARN_INFINITE_RECURSION = YES;
				CLANG_WARN_INT_CONVERSION = YES;
				CLANG_WARN_NON_LITERAL_NULL_CONVERSION = YES;
				CLANG_WARN_OBJC_IMPLICIT_RETAIN_SELF = YES;
				CLANG_WARN_OBJC_LITERAL_CONVERSION = YES;
				CLANG_WARN_OBJC_ROOT_CLASS = YES_ERROR;
				CLANG_WARN_QUOTED_INCLUDE_IN_FRAMEWORK_HEADER = YES;
				CLANG_WARN_RANGE_LOOP_ANALYSIS = YES;
				CLANG_WARN_STRICT_PROTOTYPES = YES;
				CLANG_WARN_SUSPICIOUS_MOVE = YES;
				CLANG_WARN_UNGUARDED_AVAILABILITY = YES_AGGRESSIVE;
				CLANG_WARN_UNREACHABLE_CODE = YES;
				CLANG_WARN__DUPLICATE_METHOD_MATCH = YES;
				COPY_PHASE_STRIP = NO;
				DEBUG_INFORMATION_FORMAT = dwarf;
				ENABLE_STRICT_OBJC_MSGSEND = YES;
				ENABLE_TESTABILITY = YES;
				GCC_C_LANGUAGE_STANDARD = gnu11;
				GCC_DYNAMIC_NO_PIC = NO;
				GCC_NO_COMMON_BLOCKS = YES;
				GCC_OPTIMIZATION_LEVEL = 0;
				GCC_PREPROCESSOR_DEFINITIONS = (
					"DEBUG=1",
					"$(inherited)",
				);
				GCC_WARN_64_TO_32_BIT_CONVERSION = YES;
				GCC_WARN_ABOUT_RETURN_TYPE = YES_ERROR;
				GCC_WARN_UNDECLARED_SELECTOR = YES;
				GCC_WARN_UNINITIALIZED_AUTOS = YES_AGGRESSIVE;
				GCC_WARN_UNUSED_FUNCTION = YES;
				GCC_WARN_UNUSED_VARIABLE = YES;
				IPHONEOS_DEPLOYMENT_TARGET = 16.4;
				MTL_ENABLE_DEBUG_INFO = INCLUDE_SOURCE;
				MTL_FAST_MATH = YES;
				ONLY_ACTIVE_ARCH = YES;
				SDKROOT = iphoneos;
				SWIFT_ACTIVE_COMPILATION_CONDITIONS = DEBUG;
				SWIFT_OPTIMIZATION_LEVEL = "-Onone";
			};
			name = Debug;
		};
		57359BF32A8BB372004A8033 /* Release */ = {
			isa = XCBuildConfiguration;
			buildSettings = {
				ALWAYS_SEARCH_USER_PATHS = NO;
				CLANG_ANALYZER_NONNULL = YES;
				CLANG_ANALYZER_NUMBER_OBJECT_CONVERSION = YES_AGGRESSIVE;
				CLANG_CXX_LANGUAGE_STANDARD = "gnu++20";
				CLANG_ENABLE_MODULES = YES;
				CLANG_ENABLE_OBJC_ARC = YES;
				CLANG_ENABLE_OBJC_WEAK = YES;
				CLANG_WARN_BLOCK_CAPTURE_AUTORELEASING = YES;
				CLANG_WARN_BOOL_CONVERSION = YES;
				CLANG_WARN_COMMA = YES;
				CLANG_WARN_CONSTANT_CONVERSION = YES;
				CLANG_WARN_DEPRECATED_OBJC_IMPLEMENTATIONS = YES;
				CLANG_WARN_DIRECT_OBJC_ISA_USAGE = YES_ERROR;
				CLANG_WARN_DOCUMENTATION_COMMENTS = YES;
				CLANG_WARN_EMPTY_BODY = YES;
				CLANG_WARN_ENUM_CONVERSION = YES;
				CLANG_WARN_INFINITE_RECURSION = YES;
				CLANG_WARN_INT_CONVERSION = YES;
				CLANG_WARN_NON_LITERAL_NULL_CONVERSION = YES;
				CLANG_WARN_OBJC_IMPLICIT_RETAIN_SELF = YES;
				CLANG_WARN_OBJC_LITERAL_CONVERSION = YES;
				CLANG_WARN_OBJC_ROOT_CLASS = YES_ERROR;
				CLANG_WARN_QUOTED_INCLUDE_IN_FRAMEWORK_HEADER = YES;
				CLANG_WARN_RANGE_LOOP_ANALYSIS = YES;
				CLANG_WARN_STRICT_PROTOTYPES = YES;
				CLANG_WARN_SUSPICIOUS_MOVE = YES;
				CLANG_WARN_UNGUARDED_AVAILABILITY = YES_AGGRESSIVE;
				CLANG_WARN_UNREACHABLE_CODE = YES;
				CLANG_WARN__DUPLICATE_METHOD_MATCH = YES;
				COPY_PHASE_STRIP = NO;
				DEBUG_INFORMATION_FORMAT = "dwarf-with-dsym";
				ENABLE_NS_ASSERTIONS = NO;
				ENABLE_STRICT_OBJC_MSGSEND = YES;
				GCC_C_LANGUAGE_STANDARD = gnu11;
				GCC_NO_COMMON_BLOCKS = YES;
				GCC_WARN_64_TO_32_BIT_CONVERSION = YES;
				GCC_WARN_ABOUT_RETURN_TYPE = YES_ERROR;
				GCC_WARN_UNDECLARED_SELECTOR = YES;
				GCC_WARN_UNINITIALIZED_AUTOS = YES_AGGRESSIVE;
				GCC_WARN_UNUSED_FUNCTION = YES;
				GCC_WARN_UNUSED_VARIABLE = YES;
				IPHONEOS_DEPLOYMENT_TARGET = 16.4;
				MTL_ENABLE_DEBUG_INFO = NO;
				MTL_FAST_MATH = YES;
				SDKROOT = iphoneos;
				SWIFT_COMPILATION_MODE = wholemodule;
				SWIFT_OPTIMIZATION_LEVEL = "-O";
				VALIDATE_PRODUCT = YES;
			};
			name = Release;
		};
		57359BF52A8BB372004A8033 /* Debug */ = {
			isa = XCBuildConfiguration;
			buildSettings = {
				ASSETCATALOG_COMPILER_APPICON_NAME = AppIcon;
				ASSETCATALOG_COMPILER_GLOBAL_ACCENT_COLOR_NAME = AccentColor;
				CODE_SIGN_STYLE = Automatic;
				CURRENT_PROJECT_VERSION = 1;
				DEVELOPMENT_ASSET_PATHS = "\"Visual_03/Preview Content\"";
				DEVELOPMENT_TEAM = NM2S86642U;
				ENABLE_PREVIEWS = YES;
				GENERATE_INFOPLIST_FILE = YES;
				INFOPLIST_KEY_UIApplicationSceneManifest_Generation = YES;
				INFOPLIST_KEY_UIApplicationSupportsIndirectInputEvents = YES;
				INFOPLIST_KEY_UILaunchScreen_Generation = YES;
				INFOPLIST_KEY_UISupportedInterfaceOrientations_iPad = "UIInterfaceOrientationPortrait UIInterfaceOrientationPortraitUpsideDown UIInterfaceOrientationLandscapeLeft UIInterfaceOrientationLandscapeRight";
				INFOPLIST_KEY_UISupportedInterfaceOrientations_iPhone = "UIInterfaceOrientationPortrait UIInterfaceOrientationLandscapeLeft UIInterfaceOrientationLandscapeRight";
				LD_RUNPATH_SEARCH_PATHS = (
					"$(inherited)",
					"@executable_path/Frameworks",
				);
				MARKETING_VERSION = 1.0;
				PRODUCT_BUNDLE_IDENTIFIER = "com.wonil-or-not.Visual-03";
				PRODUCT_NAME = "$(TARGET_NAME)";
				SWIFT_EMIT_LOC_STRINGS = YES;
				SWIFT_VERSION = 5.0;
				TARGETED_DEVICE_FAMILY = "1,2";
			};
			name = Debug;
		};
		57359BF62A8BB372004A8033 /* Release */ = {
			isa = XCBuildConfiguration;
			buildSettings = {
				ASSETCATALOG_COMPILER_APPICON_NAME = AppIcon;
				ASSETCATALOG_COMPILER_GLOBAL_ACCENT_COLOR_NAME = AccentColor;
				CODE_SIGN_STYLE = Automatic;
				CURRENT_PROJECT_VERSION = 1;
				DEVELOPMENT_ASSET_PATHS = "\"Visual_03/Preview Content\"";
				DEVELOPMENT_TEAM = NM2S86642U;
				ENABLE_PREVIEWS = YES;
				GENERATE_INFOPLIST_FILE = YES;
				INFOPLIST_KEY_UIApplicationSceneManifest_Generation = YES;
				INFOPLIST_KEY_UIApplicationSupportsIndirectInputEvents = YES;
				INFOPLIST_KEY_UILaunchScreen_Generation = YES;
				INFOPLIST_KEY_UISupportedInterfaceOrientations_iPad = "UIInterfaceOrientationPortrait UIInterfaceOrientationPortraitUpsideDown UIInterfaceOrientationLandscapeLeft UIInterfaceOrientationLandscapeRight";
				INFOPLIST_KEY_UISupportedInterfaceOrientations_iPhone = "UIInterfaceOrientationPortrait UIInterfaceOrientationLandscapeLeft UIInterfaceOrientationLandscapeRight";
				LD_RUNPATH_SEARCH_PATHS = (
					"$(inherited)",
					"@executable_path/Frameworks",
				);
				MARKETING_VERSION = 1.0;
				PRODUCT_BUNDLE_IDENTIFIER = "com.wonil-or-not.Visual-03";
				PRODUCT_NAME = "$(TARGET_NAME)";
				SWIFT_EMIT_LOC_STRINGS = YES;
				SWIFT_VERSION = 5.0;
				TARGETED_DEVICE_FAMILY = "1,2";
			};
			name = Release;
		};
/* End XCBuildConfiguration section */

/* Begin XCConfigurationList section */
		57359BE12A8BB371004A8033 /* Build configuration list for PBXProject "Visual_03" */ = {
			isa = XCConfigurationList;
			buildConfigurations = (
				57359BF22A8BB372004A8033 /* Debug */,
				57359BF32A8BB372004A8033 /* Release */,
			);
			defaultConfigurationIsVisible = 0;
			defaultConfigurationName = Release;
		};
		57359BF42A8BB372004A8033 /* Build configuration list for PBXNativeTarget "Visual_03" */ = {
			isa = XCConfigurationList;
			buildConfigurations = (
				57359BF52A8BB372004A8033 /* Debug */,
				57359BF62A8BB372004A8033 /* Release */,
			);
			defaultConfigurationIsVisible = 0;
			defaultConfigurationName = Release;
		};
/* End XCConfigurationList section */
	};
	rootObject = 57359BDE2A8BB371004A8033 /* Project object */;
}
